# This file is automatically @generated by Cargo.
# It is not intended for manual editing.
[[package]]
name = "bare-metal"
version = "0.2.5"
source = "registry+https://github.com/rust-lang/crates.io-index"
checksum = "5deb64efa5bd81e31fcd1938615a6d98c82eafcbcd787162b6f63b91d6bac5b3"
dependencies = [
 "rustc_version",
]

[[package]]
name = "darling"
version = "0.10.2"
source = "registry+https://github.com/rust-lang/crates.io-index"
checksum = "0d706e75d87e35569db781a9b5e2416cff1236a47ed380831f959382ccd5f858"
dependencies = [
 "darling_core",
 "darling_macro",
]

[[package]]
name = "darling_core"
version = "0.10.2"
source = "registry+https://github.com/rust-lang/crates.io-index"
checksum = "f0c960ae2da4de88a91b2d920c2a7233b400bc33cb28453a2987822d8392519b"
dependencies = [
 "fnv",
 "ident_case",
 "proc-macro2",
 "quote",
 "strsim",
 "syn",
]

[[package]]
name = "darling_macro"
version = "0.10.2"
source = "registry+https://github.com/rust-lang/crates.io-index"
checksum = "d9b5a2f4ac4969822c62224815d069952656cadc7084fdca9751e6d959189b72"
dependencies = [
 "darling_core",
 "quote",
 "syn",
]

[[package]]
name = "embedded-hal"
version = "0.2.3"
source = "registry+https://github.com/rust-lang/crates.io-index"
checksum = "ee4908a155094da7723c2d60d617b820061e3b4efcc3d9e293d206a5a76c170b"
dependencies = [
 "nb",
 "void",
]

[[package]]
name = "esp32"
version = "0.6.0"
source = "registry+https://github.com/rust-lang/crates.io-index"
checksum = "4f60f70487e615b7bee64d3b20765deedf29d9d4841279724d49b0bcd405977a"
dependencies = [
 "bare-metal",
 "vcell",
 "xtensa-lx6",
 "xtensa-lx6-rt",
]

[[package]]
name = "esp32-hal"
version = "0.1.0"
source = "git+https://github.com/esp-rs/esp32-hal#bc790104c93cf7dec719a949c51d9770db601383"
dependencies = [
 "bare-metal",
 "embedded-hal",
 "esp32",
 "esp32-hal-proc-macros",
 "nb",
 "void",
 "xtensa-lx6",
 "xtensa-lx6-rt",
]

[[package]]
name = "esp32-hal-proc-macros"
version = "0.1.0"
source = "git+https://github.com/esp-rs/esp32-hal#bc790104c93cf7dec719a949c51d9770db601383"
dependencies = [
 "darling",
 "proc-macro2",
 "quote",
 "syn",
]

[[package]]
name = "esp32-sandbox"
version = "0.1.0"
dependencies = [
 "embedded-hal",
 "esp32",
 "esp32-hal",
 "spin",
]

[[package]]
name = "fnv"
version = "1.0.7"
source = "registry+https://github.com/rust-lang/crates.io-index"
checksum = "3f9eec918d3f24069decb9af1554cad7c880e2da24a9afd88aca000531ab82c1"

[[package]]
name = "ident_case"
version = "1.0.1"
source = "registry+https://github.com/rust-lang/crates.io-index"
checksum = "b9e0384b61958566e926dc50660321d12159025e767c18e043daf26b70104c39"

[[package]]
name = "mutex-trait"
version = "0.2.0"
source = "registry+https://github.com/rust-lang/crates.io-index"
checksum = "b4bb1638d419e12f8b1c43d9e639abd0d1424285bdea2f76aa231e233c63cd3a"

[[package]]
name = "nb"
version = "0.1.2"
source = "registry+https://github.com/rust-lang/crates.io-index"
checksum = "b1411551beb3c11dedfb0a90a0fa256b47d28b9ec2cdff34c25a2fa59e45dbdc"

[[package]]
name = "proc-macro2"
version = "1.0.19"
source = "registry+https://github.com/rust-lang/crates.io-index"
checksum = "04f5f085b5d71e2188cb8271e5da0161ad52c3f227a661a3c135fdf28e258b12"
dependencies = [
 "unicode-xid",
]

[[package]]
name = "quote"
version = "1.0.7"
source = "registry+https://github.com/rust-lang/crates.io-index"
checksum = "aa563d17ecb180e500da1cfd2b028310ac758de548efdd203e18f283af693f37"
dependencies = [
 "proc-macro2",
]

[[package]]
name = "r0"
version = "1.0.0"
source = "registry+https://github.com/rust-lang/crates.io-index"
checksum = "bd7a31eed1591dcbc95d92ad7161908e72f4677f8fabf2a32ca49b4237cbf211"

[[package]]
name = "rustc_version"
version = "0.2.3"
source = "registry+https://github.com/rust-lang/crates.io-index"
checksum = "138e3e0acb6c9fb258b19b67cb8abd63c00679d2851805ea151465464fe9030a"
dependencies = [
 "semver",
]

[[package]]
name = "semver"
version = "0.9.0"
source = "registry+https://github.com/rust-lang/crates.io-index"
checksum = "1d7eb9ef2c18661902cc47e535f9bc51b78acd254da71d375c2f6720d9a40403"
dependencies = [
 "semver-parser",
]

[[package]]
name = "semver-parser"
version = "0.7.0"
source = "registry+https://github.com/rust-lang/crates.io-index"
checksum = "388a1df253eca08550bef6c72392cfe7c30914bf41df5269b68cbd6ff8f570a3"

[[package]]
name = "spin"
version = "0.5.2"
source = "registry+https://github.com/rust-lang/crates.io-index"
checksum = "6e63cff320ae2c57904679ba7cb63280a3dc4613885beafb148ee7bf9aa9042d"

[[package]]
name = "strsim"
version = "0.9.3"
source = "registry+https://github.com/rust-lang/crates.io-index"
checksum = "6446ced80d6c486436db5c078dde11a9f73d42b57fb273121e160b84f63d894c"

[[package]]
name = "syn"
version = "1.0.36"
source = "registry+https://github.com/rust-lang/crates.io-index"
checksum = "4cdb98bcb1f9d81d07b536179c269ea15999b5d14ea958196413869445bb5250"
dependencies = [
 "proc-macro2",
 "quote",
 "unicode-xid",
]

[[package]]
name = "unicode-xid"
version = "0.2.1"
source = "registry+https://github.com/rust-lang/crates.io-index"
checksum = "f7fe0bb3479651439c9112f72b6c505038574c9fbb575ed1bf3b797fa39dd564"

[[package]]
name = "vcell"
version = "0.1.2"
source = "registry+https://github.com/rust-lang/crates.io-index"
checksum = "876e32dcadfe563a4289e994f7cb391197f362b6315dc45e8ba4aa6f564a4b3c"

[[package]]
name = "void"
version = "1.0.2"
source = "registry+https://github.com/rust-lang/crates.io-index"
checksum = "6a02e4885ed3bc0f2de90ea6dd45ebcbb66dacffe03547fadbb0eeae2770887d"

[[package]]
name = "xtensa-lx6"
version = "0.2.0"
source = "registry+https://github.com/rust-lang/crates.io-index"
checksum = "395c029f4dad3344e4971ec1ac32443768a4beb2b5398cc0767a695c5f1ceecf"
dependencies = [
 "bare-metal",
 "mutex-trait",
 "r0",
 "spin",
]

[[package]]
name = "xtensa-lx6-rt"
version = "0.3.0"
source = "registry+https://github.com/rust-lang/crates.io-index"
checksum = "64a33e79d7b44fd5fe7a8edcbe1e75ef33a19489c9c8ea6df71645833165bfab"
dependencies = [
 "bare-metal",
 "r0",
 "xtensa-lx6-rt-proc-macros",
]

[[package]]
name = "xtensa-lx6-rt-proc-macros"
version = "0.1.0"
source = "registry+https://github.com/rust-lang/crates.io-index"
checksum = "5cc53fb3d5627eca5ccc10a9778bdbda3c1aa2b2ba41bf6fd4e8915f766a40cc"
dependencies = [
 "proc-macro2",
 "quote",
 "syn",
]
